{
  "name": "autoinputer",
  "version": "1.0.0",
  "lockfileVersion": 2,
  "requires": true,
  "packages": {
    "": {
      "name": "autoinputer",
      "version": "1.0.0",
      "license": "ISC",
      "dependencies": {
        "@sm003/autojs6-dts": "^2.1.1"
      }
    },
    "node_modules/@sm003/autojs6-dts": {
      "version": "2.1.1",
      "resolved": "https://repo.huaweicloud.com/repository/npm/@sm003/autojs6-dts/-/autojs6-dts-2.1.1.tgz",
      "integrity": "sha512-OOXVP7ScPioW3U8l+Cb3v1YQHXGP7WXcmZW1xtENNFDkKkBQDfV6zLwFJx3lRZEMcE06UJGmD81l+x6vCojszA==",
      "license": "MPL-2.0",
      "dependencies": {
        "@sm003/autojs6-dts": "2.1.1"
      }
    }
  },
  "dependencies": {
    "@sm003/autojs6-dts": {
      "version": "2.1.1",
      "resolved": "https://repo.huaweicloud.com/repository/npm/@sm003/autojs6-dts/-/autojs6-dts-2.1.1.tgz",
      "integrity": "sha512-OOXVP7ScPioW3U8l+Cb3v1YQHXGP7WXcmZW1xtENNFDkKkBQDfV6zLwFJx3lRZEMcE06UJGmD81l+x6vCojszA==",
      "requires": {
        "@sm003/autojs6-dts": "2.1.1"
      }
    }
  }
}
